
Microsoft Visual Studio Solution File, Format Version 12.00
# Visual Studio Version 17
VisualStudioVersion = 17.0.32112.339
MinimumVisualStudioVersion = 10.0.40219.1
Project("{FAE04EC0-301F-11D3-BF4B-00C04F79EFBC}") = "GTA_SP_Enchancement", "GTA_SP_Enchancement\GTA_SP_Enchancement.csproj", "{D31CEE49-7DBF-4D57-B753-EFFF28945690}"
EndProject
Global
	GlobalSection(SolutionConfigurationPlatforms) = preSolution
		Debug|Any CPU = Debug|Any CPU
		Release|Any CPU = Release|Any CPU
	EndGlobalSection
	GlobalSection(ProjectConfigurationPlatforms) = postSolution
		{D31CEE49-7DBF-4D57-B753-EFFF28945690}.Debug|Any CPU.ActiveCfg = Debug|Any CPU
		{D31CEE49-7DBF-4D57-B753-EFFF28945690}.Debug|Any CPU.Build.0 = Debug|Any CPU
		{D31CEE49-7DBF-4D57-B753-EFFF28945690}.Release|Any CPU.ActiveCfg = Release|Any CPU
		{D31CEE49-7DBF-4D57-B753-EFFF28945690}.Release|Any CPU.Build.0 = Release|Any CPU
	EndGlobalSection
	GlobalSection(SolutionProperties) = preSolution
		HideSolutionNode = FALSE
	EndGlobalSection
	GlobalSection(ExtensibilityGlobals) = postSolution
		SolutionGuid = {0DC19084-648E-4A50-B3D7-757AC767056A}
	EndGlobalSection
EndGlobal
